{
    "requires": true,
    "lockfileVersion": 1,
    "dependencies": {
        "@fortawesome/fontawesome-free": {
            "version": "5.9.0",
            "resolved": "https://registry.npmjs.org/@fortawesome/fontawesome-free/-/fontawesome-free-5.9.0.tgz",
            "integrity": "sha512-g795BBEzM/Hq2SYNPm/NQTIp3IWd4eXSH0ds87Na2jnrAUFX3wkyZAI4Gwj9DOaWMuz2/01i8oWI7P7T/XLkhg==",
            "dev": true
        },
        "foundation-sites": {
            "version": "6.5.3",
            "resolved": "https://registry.npmjs.org/foundation-sites/-/foundation-sites-6.5.3.tgz",
            "integrity": "sha512-ZwI0idjHHjezh6jRjpPxkczvmtUuJ1uGatZHpyloX0MvsFHfM0BFoxrqdXryXugGPdmb+yJi3JYMnz6+5t3K1A=="
        }
    }
}
